# THIS IS AN AUTOGENERATED FILE. DO NOT EDIT THIS FILE DIRECTLY.
# yarn lockfile v1


counsel-copy@^0.3.0:
  version "0.3.0"
  resolved "https://registry.yarnpkg.com/counsel-copy/-/counsel-copy-0.3.0.tgz#39fcb8add2bc0d744ffdeecd8ba53e5f6a5ea195"
  dependencies:
    counsel-rule "^0.3.0"

counsel-rule@^0.3.0:
  version "0.3.0"
  resolved "https://registry.yarnpkg.com/counsel-rule/-/counsel-rule-0.3.0.tgz#e606ba7e80e1061f44d3d8bd78fdf09788fc6fd8"

counsel-script@^0.3.0:
  version "0.3.0"
  resolved "https://registry.yarnpkg.com/counsel-script/-/counsel-script-0.3.0.tgz#4cc6191c7718ffb6a1492bc16b35d8e53ae5c544"
  dependencies:
    counsel-rule "^0.3.0"
